
Microsoft Visual Studio Solution File, Format Version 12.00
# Visual Studio Version 17
VisualStudioVersion = 17.1.32407.343
MinimumVisualStudioVersion = 10.0.40219.1
Project("{9A19103F-16F7-4668-BE54-9A1E7A4F7556}") = "GenericRpc", "GenericRpc\GenericRpc.csproj", "{13BEEEA5-9B9C-41F9-9FE6-3D825FD8A248}"
EndProject
Project("{9A19103F-16F7-4668-BE54-9A1E7A4F7556}") = "GenericRpc.UnitTests", "GenericRpc.UnitTests\GenericRpc.UnitTests.csproj", "{FD48A775-136A-4B6C-820E-A5B3FC930C5C}"
EndProject
Project("{9A19103F-16F7-4668-BE54-9A1E7A4F7556}") = "GenericRpc.SocketTransport", "GenericRpc.SocketTransport\GenericRpc.SocketTransport.csproj", "{E80AB2F2-C0DE-4C44-AE46-71894F8943B7}"
EndProject
Global
	GlobalSection(SolutionConfigurationPlatforms) = preSolution
		Debug|Any CPU = Debug|Any CPU
		Release|Any CPU = Release|Any CPU
	EndGlobalSection
	GlobalSection(ProjectConfigurationPlatforms) = postSolution
		{13BEEEA5-9B9C-41F9-9FE6-3D825FD8A248}.Debug|Any CPU.ActiveCfg = Debug|Any CPU
		{13BEEEA5-9B9C-41F9-9FE6-3D825FD8A248}.Debug|Any CPU.Build.0 = Debug|Any CPU
		{13BEEEA5-9B9C-41F9-9FE6-3D825FD8A248}.Release|Any CPU.ActiveCfg = Release|Any CPU
		{13BEEEA5-9B9C-41F9-9FE6-3D825FD8A248}.Release|Any CPU.Build.0 = Release|Any CPU
		{FD48A775-136A-4B6C-820E-A5B3FC930C5C}.Debug|Any CPU.ActiveCfg = Debug|Any CPU
		{FD48A775-136A-4B6C-820E-A5B3FC930C5C}.Debug|Any CPU.Build.0 = Debug|Any CPU
		{FD48A775-136A-4B6C-820E-A5B3FC930C5C}.Release|Any CPU.ActiveCfg = Release|Any CPU
		{FD48A775-136A-4B6C-820E-A5B3FC930C5C}.Release|Any CPU.Build.0 = Release|Any CPU
		{E80AB2F2-C0DE-4C44-AE46-71894F8943B7}.Debug|Any CPU.ActiveCfg = Debug|Any CPU
		{E80AB2F2-C0DE-4C44-AE46-71894F8943B7}.Debug|Any CPU.Build.0 = Debug|Any CPU
		{E80AB2F2-C0DE-4C44-AE46-71894F8943B7}.Release|Any CPU.ActiveCfg = Release|Any CPU
		{E80AB2F2-C0DE-4C44-AE46-71894F8943B7}.Release|Any CPU.Build.0 = Release|Any CPU
	EndGlobalSection
	GlobalSection(SolutionProperties) = preSolution
		HideSolutionNode = FALSE
	EndGlobalSection
	GlobalSection(ExtensibilityGlobals) = postSolution
		SolutionGuid = {BCF2B49D-8F8D-4DFB-8671-8F5E00F085D2}
	EndGlobalSection
EndGlobal
